
Microsoft Visual Studio Solution File, Format Version 11.00
# Visual Studio 2010
Project("{FAE04EC0-301F-11D3-BF4B-00C04F79EFBC}") = "IronPythonPlugins", "IronPythonPlugins.csproj", "{43E4BF39-09D9-4801-8C14-ABE32105C1C0}"
EndProject
Project("{FAE04EC0-301F-11D3-BF4B-00C04F79EFBC}") = "Tests", "..\Tests\Tests.csproj", "{9ABD25FC-D2A0-4433-93CF-B00111CE6F13}"
EndProject
Global
	GlobalSection(SolutionConfigurationPlatforms) = preSolution
		Debug|Any CPU = Debug|Any CPU
		Release|Any CPU = Release|Any CPU
	EndGlobalSection
	GlobalSection(ProjectConfigurationPlatforms) = postSolution
		{43E4BF39-09D9-4801-8C14-ABE32105C1C0}.Debug|Any CPU.ActiveCfg = Debug|Any CPU
		{43E4BF39-09D9-4801-8C14-ABE32105C1C0}.Debug|Any CPU.Build.0 = Debug|Any CPU
		{43E4BF39-09D9-4801-8C14-ABE32105C1C0}.Release|Any CPU.ActiveCfg = Release|Any CPU
		{43E4BF39-09D9-4801-8C14-ABE32105C1C0}.Release|Any CPU.Build.0 = Release|Any CPU
		{9ABD25FC-D2A0-4433-93CF-B00111CE6F13}.Debug|Any CPU.ActiveCfg = Debug|Any CPU
		{9ABD25FC-D2A0-4433-93CF-B00111CE6F13}.Debug|Any CPU.Build.0 = Debug|Any CPU
		{9ABD25FC-D2A0-4433-93CF-B00111CE6F13}.Release|Any CPU.ActiveCfg = Release|Any CPU
		{9ABD25FC-D2A0-4433-93CF-B00111CE6F13}.Release|Any CPU.Build.0 = Release|Any CPU
	EndGlobalSection
	GlobalSection(SolutionProperties) = preSolution
		HideSolutionNode = FALSE
	EndGlobalSection
EndGlobal
